
Microsoft Visual Studio Solution File, Format Version 12.00
# Visual Studio Version 17
VisualStudioVersion = 17.8.34330.188
MinimumVisualStudioVersion = 10.0.40219.1
Project("{9A19103F-16F7-4668-BE54-9A1E7A4F7556}") = "GUIDME", "GUIDME\GUIDME.csproj", "{0BD1C4C7-3D8A-43DB-874A-B3ABF9D2EB1C}"
EndProject
Project("{9A19103F-16F7-4668-BE54-9A1E7A4F7556}") = "DataAccess", "DataAccess\DataAccess.csproj", "{2B77AA19-1C6D-4100-92CA-52A8C5CED8E2}"
EndProject
Project("{9A19103F-16F7-4668-BE54-9A1E7A4F7556}") = "Models", "Models\Models.csproj", "{0EA5AB0B-85B8-4628-8EFD-B4209A310C93}"
EndProject
Project("{9A19103F-16F7-4668-BE54-9A1E7A4F7556}") = "Repositories", "Repositories\Repositories.csproj", "{177CE70A-0D7D-46FF-BAB8-42EABF8D220A}"
EndProject
Global
	GlobalSection(SolutionConfigurationPlatforms) = preSolution
		Debug|Any CPU = Debug|Any CPU
		Release|Any CPU = Release|Any CPU
	EndGlobalSection
	GlobalSection(ProjectConfigurationPlatforms) = postSolution
		{0BD1C4C7-3D8A-43DB-874A-B3ABF9D2EB1C}.Debug|Any CPU.ActiveCfg = Debug|Any CPU
		{0BD1C4C7-3D8A-43DB-874A-B3ABF9D2EB1C}.Debug|Any CPU.Build.0 = Debug|Any CPU
		{0BD1C4C7-3D8A-43DB-874A-B3ABF9D2EB1C}.Release|Any CPU.ActiveCfg = Release|Any CPU
		{0BD1C4C7-3D8A-43DB-874A-B3ABF9D2EB1C}.Release|Any CPU.Build.0 = Release|Any CPU
		{2B77AA19-1C6D-4100-92CA-52A8C5CED8E2}.Debug|Any CPU.ActiveCfg = Debug|Any CPU
		{2B77AA19-1C6D-4100-92CA-52A8C5CED8E2}.Debug|Any CPU.Build.0 = Debug|Any CPU
		{2B77AA19-1C6D-4100-92CA-52A8C5CED8E2}.Release|Any CPU.ActiveCfg = Release|Any CPU
		{2B77AA19-1C6D-4100-92CA-52A8C5CED8E2}.Release|Any CPU.Build.0 = Release|Any CPU
		{0EA5AB0B-85B8-4628-8EFD-B4209A310C93}.Debug|Any CPU.ActiveCfg = Debug|Any CPU
		{0EA5AB0B-85B8-4628-8EFD-B4209A310C93}.Debug|Any CPU.Build.0 = Debug|Any CPU
		{0EA5AB0B-85B8-4628-8EFD-B4209A310C93}.Release|Any CPU.ActiveCfg = Release|Any CPU
		{0EA5AB0B-85B8-4628-8EFD-B4209A310C93}.Release|Any CPU.Build.0 = Release|Any CPU
		{177CE70A-0D7D-46FF-BAB8-42EABF8D220A}.Debug|Any CPU.ActiveCfg = Debug|Any CPU
		{177CE70A-0D7D-46FF-BAB8-42EABF8D220A}.Debug|Any CPU.Build.0 = Debug|Any CPU
		{177CE70A-0D7D-46FF-BAB8-42EABF8D220A}.Release|Any CPU.ActiveCfg = Release|Any CPU
		{177CE70A-0D7D-46FF-BAB8-42EABF8D220A}.Release|Any CPU.Build.0 = Release|Any CPU
	EndGlobalSection
	GlobalSection(SolutionProperties) = preSolution
		HideSolutionNode = FALSE
	EndGlobalSection
	GlobalSection(ExtensibilityGlobals) = postSolution
		SolutionGuid = {71AB88C3-9111-4521-9DF0-5B97E2EB124B}
	EndGlobalSection
EndGlobal
